
Microsoft Visual Studio Solution File, Format Version 12.00
# Visual Studio 15
VisualStudioVersion = 15.0.27703.2047
MinimumVisualStudioVersion = 10.0.40219.1
Project("{FAE04EC0-301F-11D3-BF4B-00C04F79EFBC}") = "listas", "listas\listas.csproj", "{811A4E7A-0725-4088-B653-9B6B392C138E}"
EndProject
Global
	GlobalSection(SolutionConfigurationPlatforms) = preSolution
		Debug|Any CPU = Debug|Any CPU
		Release|Any CPU = Release|Any CPU
	EndGlobalSection
	GlobalSection(ProjectConfigurationPlatforms) = postSolution
		{811A4E7A-0725-4088-B653-9B6B392C138E}.Debug|Any CPU.ActiveCfg = Debug|Any CPU
		{811A4E7A-0725-4088-B653-9B6B392C138E}.Debug|Any CPU.Build.0 = Debug|Any CPU
		{811A4E7A-0725-4088-B653-9B6B392C138E}.Release|Any CPU.ActiveCfg = Release|Any CPU
		{811A4E7A-0725-4088-B653-9B6B392C138E}.Release|Any CPU.Build.0 = Release|Any CPU
	EndGlobalSection
	GlobalSection(SolutionProperties) = preSolution
		HideSolutionNode = FALSE
	EndGlobalSection
	GlobalSection(ExtensibilityGlobals) = postSolution
		SolutionGuid = {B2025D7F-0C6D-45D8-86F1-2F8311A1094F}
	EndGlobalSection
EndGlobal
